
Microsoft Visual Studio Solution File, Format Version 12.00
# Visual Studio Version 16
VisualStudioVersion = 16.0.30011.22
MinimumVisualStudioVersion = 10.0.40219.1
Project("{FAE04EC0-301F-11D3-BF4B-00C04F79EFBC}") = "DatabaseProject", "DatabaseProject.csproj", "{6EBC4C8B-B7B8-45F1-BB38-F285B29D7816}"
EndProject
Global
	GlobalSection(SolutionConfigurationPlatforms) = preSolution
		Debug|Any CPU = Debug|Any CPU
		Release|Any CPU = Release|Any CPU
	EndGlobalSection
	GlobalSection(ProjectConfigurationPlatforms) = postSolution
		{6EBC4C8B-B7B8-45F1-BB38-F285B29D7816}.Debug|Any CPU.ActiveCfg = Debug|Any CPU
		{6EBC4C8B-B7B8-45F1-BB38-F285B29D7816}.Debug|Any CPU.Build.0 = Debug|Any CPU
		{6EBC4C8B-B7B8-45F1-BB38-F285B29D7816}.Release|Any CPU.ActiveCfg = Release|Any CPU
		{6EBC4C8B-B7B8-45F1-BB38-F285B29D7816}.Release|Any CPU.Build.0 = Release|Any CPU
	EndGlobalSection
	GlobalSection(SolutionProperties) = preSolution
		HideSolutionNode = FALSE
	EndGlobalSection
	GlobalSection(ExtensibilityGlobals) = postSolution
		SolutionGuid = {21BA630B-F76F-4FA9-B321-F53094C017BC}
	EndGlobalSection
EndGlobal
